
Microsoft Visual Studio Solution File, Format Version 12.00
# Visual Studio Version 17
VisualStudioVersion = 17.4.33205.214
MinimumVisualStudioVersion = 10.0.40219.1
Project("{9A19103F-16F7-4668-BE54-9A1E7A4F7556}") = "GraphQLToKarate.Library", "GraphQLToKarate.Library\GraphQLToKarate.Library.csproj", "{36FC5206-F8D9-40F3-9099-D5407352DF9E}"
EndProject
Project("{9A19103F-16F7-4668-BE54-9A1E7A4F7556}") = "GraphQLToKarate.Tests", "..\tests\GraphQLToKarate.Tests\GraphQLToKarate.Tests.csproj", "{A1A010CB-9A80-478D-8959-56C54B6DF10B}"
EndProject
Project("{9A19103F-16F7-4668-BE54-9A1E7A4F7556}") = "GraphQLToKarate.CommandLine", "GraphQLToKarate.CommandLine\GraphQLToKarate.CommandLine.csproj", "{8FC55E2E-E71A-43BE-B240-695F4A5384D2}"
EndProject
Project("{9A19103F-16F7-4668-BE54-9A1E7A4F7556}") = "GraphQLToKarate.CommandLine.Tests", "..\tests\GraphQLToKarate.CommandLine.Tests\GraphQLToKarate.CommandLine.Tests.csproj", "{E7FE4B1C-96E2-4EC2-B803-C5A77BCBC5A8}"
EndProject
Project("{9A19103F-16F7-4668-BE54-9A1E7A4F7556}") = "GraphQLToKarate.Integration.Api", "..\tests\GraphQLToKarate.Integration.Api\GraphQLToKarate.Integration.Api.csproj", "{15B64BF3-6F2C-47F3-A809-1B2207D1B640}"
EndProject
Global
	GlobalSection(SolutionConfigurationPlatforms) = preSolution
		Debug|Any CPU = Debug|Any CPU
		Release|Any CPU = Release|Any CPU
	EndGlobalSection
	GlobalSection(ProjectConfigurationPlatforms) = postSolution
		{36FC5206-F8D9-40F3-9099-D5407352DF9E}.Debug|Any CPU.ActiveCfg = Debug|Any CPU
		{36FC5206-F8D9-40F3-9099-D5407352DF9E}.Debug|Any CPU.Build.0 = Debug|Any CPU
		{36FC5206-F8D9-40F3-9099-D5407352DF9E}.Release|Any CPU.ActiveCfg = Release|Any CPU
		{36FC5206-F8D9-40F3-9099-D5407352DF9E}.Release|Any CPU.Build.0 = Release|Any CPU
		{A1A010CB-9A80-478D-8959-56C54B6DF10B}.Debug|Any CPU.ActiveCfg = Debug|Any CPU
		{A1A010CB-9A80-478D-8959-56C54B6DF10B}.Debug|Any CPU.Build.0 = Debug|Any CPU
		{A1A010CB-9A80-478D-8959-56C54B6DF10B}.Release|Any CPU.ActiveCfg = Release|Any CPU
		{A1A010CB-9A80-478D-8959-56C54B6DF10B}.Release|Any CPU.Build.0 = Release|Any CPU
		{8FC55E2E-E71A-43BE-B240-695F4A5384D2}.Debug|Any CPU.ActiveCfg = Debug|Any CPU
		{8FC55E2E-E71A-43BE-B240-695F4A5384D2}.Debug|Any CPU.Build.0 = Debug|Any CPU
		{8FC55E2E-E71A-43BE-B240-695F4A5384D2}.Release|Any CPU.ActiveCfg = Release|Any CPU
		{8FC55E2E-E71A-43BE-B240-695F4A5384D2}.Release|Any CPU.Build.0 = Release|Any CPU
		{E7FE4B1C-96E2-4EC2-B803-C5A77BCBC5A8}.Debug|Any CPU.ActiveCfg = Debug|Any CPU
		{E7FE4B1C-96E2-4EC2-B803-C5A77BCBC5A8}.Debug|Any CPU.Build.0 = Debug|Any CPU
		{E7FE4B1C-96E2-4EC2-B803-C5A77BCBC5A8}.Release|Any CPU.ActiveCfg = Release|Any CPU
		{E7FE4B1C-96E2-4EC2-B803-C5A77BCBC5A8}.Release|Any CPU.Build.0 = Release|Any CPU
		{15B64BF3-6F2C-47F3-A809-1B2207D1B640}.Debug|Any CPU.ActiveCfg = Debug|Any CPU
		{15B64BF3-6F2C-47F3-A809-1B2207D1B640}.Debug|Any CPU.Build.0 = Debug|Any CPU
		{15B64BF3-6F2C-47F3-A809-1B2207D1B640}.Release|Any CPU.ActiveCfg = Release|Any CPU
		{15B64BF3-6F2C-47F3-A809-1B2207D1B640}.Release|Any CPU.Build.0 = Release|Any CPU
	EndGlobalSection
	GlobalSection(SolutionProperties) = preSolution
		HideSolutionNode = FALSE
	EndGlobalSection
	GlobalSection(ExtensibilityGlobals) = postSolution
		SolutionGuid = {A9FC539C-54D3-4301-A9EC-AE9FB2DD3054}
	EndGlobalSection
EndGlobal
